{
    "name": "@maddimathon/utility-node",
    "version": "2.1.0-pre",
    "lockfileVersion": 3,
    "requires": true,
    "packages": {
        "": {
            "name": "@maddimathon/utility-node",
            "version": "2.1.0-pre",
            "license": "MIT",
            "dependencies": {
                "@maddimathon/utility-js": "file:../utility-js"
            },
            "engines": {
                "node": ">=22"
            }
        },
        "../utility-js": {
            "name": "@maddimathon/utility-js",
            "version": "2.1.0-pre",
            "license": "MIT",
            "engines": {
                "node": ">=22"
            }
        },
        "node_modules/@maddimathon/utility-js": {
            "resolved": "../utility-js",
            "link": true
        }
    }
}
